// !$*UTF8*$!
{
	archiveVersion = 1;
	classes = {
	};
	objectVersion = 48;
	objects = {

/* Begin PBXBuildFile section */
		845D758323F49CC30099D8FF /* Info.plist in Sources */ = {isa = PBXBuildFile; fileRef = D5FC7D1B23F349B700E5ECE8 /* Info.plist */; };
		845D758523F4A6760099D8FF /* LoginToken.storyboard in Resources */ = {isa = PBXBuildFile; fileRef = 845D758423F4A6760099D8FF /* LoginToken.storyboard */; };
		847F3D4523F72154001A4E84 /* LocationPicker.storyboard in Resources */ = {isa = PBXBuildFile; fileRef = 847F3D4423F72154001A4E84 /* LocationPicker.storyboard */; };
		847F3D4723F727C5001A4E84 /* TrainerWorkFlow.storyboard in Resources */ = {isa = PBXBuildFile; fileRef = 847F3D4623F727C5001A4E84 /* TrainerWorkFlow.storyboard */; };
		847F3D6F23FC8A22001A4E84 /* HomeController.swift in Sources */ = {isa = PBXBuildFile; fileRef = 847F3D6E23FC8A22001A4E84 /* HomeController.swift */; };
		847F3D7123FDA6F3001A4E84 /* RestAlamoFireManager.swift in Sources */ = {isa = PBXBuildFile; fileRef = 847F3D7023FDA6F3001A4E84 /* RestAlamoFireManager.swift */; };
		847F3D7323FDD9D9001A4E84 /* RoomInfoBusinessService.swift in Sources */ = {isa = PBXBuildFile; fileRef = 847F3D7223FDD9D9001A4E84 /* RoomInfoBusinessService.swift */; };
		847F3D7523FDDA38001A4E84 /* RequestsBusinessService.swift in Sources */ = {isa = PBXBuildFile; fileRef = 847F3D7423FDDA38001A4E84 /* RequestsBusinessService.swift */; };
		847F3D7723FDDBCE001A4E84 /* LocationBusinessService.swift in Sources */ = {isa = PBXBuildFile; fileRef = 847F3D7623FDDBCE001A4E84 /* LocationBusinessService.swift */; };
		847F3D7923FDDC09001A4E84 /* RoomInfoProtocol.swift in Sources */ = {isa = PBXBuildFile; fileRef = 847F3D7823FDDC09001A4E84 /* RoomInfoProtocol.swift */; };
		847F3D7B23FDDC58001A4E84 /* RequestInfosProtocol.swift in Sources */ = {isa = PBXBuildFile; fileRef = 847F3D7A23FDDC58001A4E84 /* RequestInfosProtocol.swift */; };
		847F3D7D23FDDCE2001A4E84 /* LocationInfoProtocol.swift in Sources */ = {isa = PBXBuildFile; fileRef = 847F3D7C23FDDCE2001A4E84 /* LocationInfoProtocol.swift */; };
		847F3D7F23FDDDF9001A4E84 /* SwapRequestInfoProtocol.swift in Sources */ = {isa = PBXBuildFile; fileRef = 847F3D7E23FDDDF9001A4E84 /* SwapRequestInfoProtocol.swift */; };
		D5FBA1B923F71F8D00237B0A /* User.swift in Sources */ = {isa = PBXBuildFile; fileRef = D5FBA1B823F71F8D00237B0A /* User.swift */; };
		D5FBA1BB23F71FD300237B0A /* Room.swift in Sources */ = {isa = PBXBuildFile; fileRef = D5FBA1BA23F71FD300237B0A /* Room.swift */; };
		D5FBA1BD23F7203A00237B0A /* Status.swift in Sources */ = {isa = PBXBuildFile; fileRef = D5FBA1BC23F7203A00237B0A /* Status.swift */; };
		D5FBA1BF23F720E700237B0A /* Location.swift in Sources */ = {isa = PBXBuildFile; fileRef = D5FBA1BE23F720E700237B0A /* Location.swift */; };
		D5FBA1C123F721C000237B0A /* RoomRequest.swift in Sources */ = {isa = PBXBuildFile; fileRef = D5FBA1C023F721C000237B0A /* RoomRequest.swift */; };
		D5FBA1C323F7220C00237B0A /* RequestType.swift in Sources */ = {isa = PBXBuildFile; fileRef = D5FBA1C223F7220C00237B0A /* RequestType.swift */; };
		D5FBA1C523F7224D00237B0A /* SwapRequest.swift in Sources */ = {isa = PBXBuildFile; fileRef = D5FBA1C423F7224D00237B0A /* SwapRequest.swift */; };
		D5FBA1C723F7252B00237B0A /* BaseController.swift in Sources */ = {isa = PBXBuildFile; fileRef = D5FBA1C623F7252B00237B0A /* BaseController.swift */; };
		D5FBA1C923F728FC00237B0A /* LocationPickerController.swift in Sources */ = {isa = PBXBuildFile; fileRef = D5FBA1C823F728FC00237B0A /* LocationPickerController.swift */; };
		D5FBA1CB23F7295C00237B0A /* RoomPickerController.swift in Sources */ = {isa = PBXBuildFile; fileRef = D5FBA1CA23F7295C00237B0A /* RoomPickerController.swift */; };
		D5FBA1CD23F7298C00237B0A /* RequestController.swift in Sources */ = {isa = PBXBuildFile; fileRef = D5FBA1CC23F7298C00237B0A /* RequestController.swift */; };
		D5FBA1CF23F7299A00237B0A /* SwapController.swift in Sources */ = {isa = PBXBuildFile; fileRef = D5FBA1CE23F7299A00237B0A /* SwapController.swift */; };
		D5FC7D0D23F349B600E5ECE8 /* AppDelegate.swift in Sources */ = {isa = PBXBuildFile; fileRef = D5FC7D0C23F349B600E5ECE8 /* AppDelegate.swift */; };
		D5FC7D0F23F349B600E5ECE8 /* LoginController.swift in Sources */ = {isa = PBXBuildFile; fileRef = D5FC7D0E23F349B600E5ECE8 /* LoginController.swift */; };
		D5FC7D1223F349B600E5ECE8 /* Login.storyboard in Resources */ = {isa = PBXBuildFile; fileRef = D5FC7D1023F349B600E5ECE8 /* Login.storyboard */; };
		D5FC7D1523F349B600E5ECE8 /* iRevatureTrainingRoomRequests.xcdatamodeld in Sources */ = {isa = PBXBuildFile; fileRef = D5FC7D1323F349B600E5ECE8 /* iRevatureTrainingRoomRequests.xcdatamodeld */; };
		D5FC7D1723F349B700E5ECE8 /* Assets.xcassets in Resources */ = {isa = PBXBuildFile; fileRef = D5FC7D1623F349B700E5ECE8 /* Assets.xcassets */; };
		D5FC7D1A23F349B700E5ECE8 /* LaunchScreen.storyboard in Resources */ = {isa = PBXBuildFile; fileRef = D5FC7D1823F349B700E5ECE8 /* LaunchScreen.storyboard */; };
		D5FC7D2523F349B700E5ECE8 /* iRevatureTrainingRoomRequestsTests.swift in Sources */ = {isa = PBXBuildFile; fileRef = D5FC7D2423F349B700E5ECE8 /* iRevatureTrainingRoomRequestsTests.swift */; };
		D5FC7D3023F349B700E5ECE8 /* iRevatureTrainingRoomRequestsUITests.swift in Sources */ = {isa = PBXBuildFile; fileRef = D5FC7D2F23F349B700E5ECE8 /* iRevatureTrainingRoomRequestsUITests.swift */; };
		E2CA5F6923FB229500EE9203 /* UserInfoProtocol.swift in Sources */ = {isa = PBXBuildFile; fileRef = E2CA5F6823FB229500EE9203 /* UserInfoProtocol.swift */; };
		E2CA5F6B23FB238700EE9203 /* UserInfoBusinessService.swift in Sources */ = {isa = PBXBuildFile; fileRef = E2CA5F6A23FB238700EE9203 /* UserInfoBusinessService.swift */; };
/* End PBXBuildFile section */

/* Begin PBXContainerItemProxy section */
		D5FC7D2123F349B700E5ECE8 /* PBXContainerItemProxy */ = {
			isa = PBXContainerItemProxy;
			containerPortal = D5FC7D0123F349B600E5ECE8 /* Project object */;
			proxyType = 1;
			remoteGlobalIDString = D5FC7D0823F349B600E5ECE8;
			remoteInfo = iRevatureTrainingRoomRequests;
		};
		D5FC7D2C23F349B700E5ECE8 /* PBXContainerItemProxy */ = {
			isa = PBXContainerItemProxy;
			containerPortal = D5FC7D0123F349B600E5ECE8 /* Project object */;
			proxyType = 1;
			remoteGlobalIDString = D5FC7D0823F349B600E5ECE8;
			remoteInfo = iRevatureTrainingRoomRequests;
		};
/* End PBXContainerItemProxy section */

/* Begin PBXFileReference section */
		845D758423F4A6760099D8FF /* LoginToken.storyboard */ = {isa = PBXFileReference; lastKnownFileType = file.storyboard; path = LoginToken.storyboard; sourceTree = "<group>"; };
		847F3D4423F72154001A4E84 /* LocationPicker.storyboard */ = {isa = PBXFileReference; lastKnownFileType = file.storyboard; path = LocationPicker.storyboard; sourceTree = "<group>"; };
		847F3D4623F727C5001A4E84 /* TrainerWorkFlow.storyboard */ = {isa = PBXFileReference; lastKnownFileType = file.storyboard; path = TrainerWorkFlow.storyboard; sourceTree = "<group>"; };
		847F3D6E23FC8A22001A4E84 /* HomeController.swift */ = {isa = PBXFileReference; lastKnownFileType = sourcecode.swift; path = HomeController.swift; sourceTree = "<group>"; };
		847F3D7023FDA6F3001A4E84 /* RestAlamoFireManager.swift */ = {isa = PBXFileReference; lastKnownFileType = sourcecode.swift; path = RestAlamoFireManager.swift; sourceTree = "<group>"; };
		847F3D7223FDD9D9001A4E84 /* RoomInfoBusinessService.swift */ = {isa = PBXFileReference; lastKnownFileType = sourcecode.swift; path = RoomInfoBusinessService.swift; sourceTree = "<group>"; };
		847F3D7423FDDA38001A4E84 /* RequestsBusinessService.swift */ = {isa = PBXFileReference; lastKnownFileType = sourcecode.swift; path = RequestsBusinessService.swift; sourceTree = "<group>"; };
		847F3D7623FDDBCE001A4E84 /* LocationBusinessService.swift */ = {isa = PBXFileReference; lastKnownFileType = sourcecode.swift; path = LocationBusinessService.swift; sourceTree = "<group>"; };
		847F3D7823FDDC09001A4E84 /* RoomInfoProtocol.swift */ = {isa = PBXFileReference; lastKnownFileType = sourcecode.swift; path = RoomInfoProtocol.swift; sourceTree = "<group>"; };
		847F3D7A23FDDC58001A4E84 /* RequestInfosProtocol.swift */ = {isa = PBXFileReference; lastKnownFileType = sourcecode.swift; path = RequestInfosProtocol.swift; sourceTree = "<group>"; };
		847F3D7C23FDDCE2001A4E84 /* LocationInfoProtocol.swift */ = {isa = PBXFileReference; lastKnownFileType = sourcecode.swift; path = LocationInfoProtocol.swift; sourceTree = "<group>"; };
		847F3D7E23FDDDF9001A4E84 /* SwapRequestInfoProtocol.swift */ = {isa = PBXFileReference; lastKnownFileType = sourcecode.swift; path = SwapRequestInfoProtocol.swift; sourceTree = "<group>"; };
		D5FBA1B823F71F8D00237B0A /* User.swift */ = {isa = PBXFileReference; lastKnownFileType = sourcecode.swift; path = User.swift; sourceTree = "<group>"; };
		D5FBA1BA23F71FD300237B0A /* Room.swift */ = {isa = PBXFileReference; lastKnownFileType = sourcecode.swift; path = Room.swift; sourceTree = "<group>"; };
		D5FBA1BC23F7203A00237B0A /* Status.swift */ = {isa = PBXFileReference; lastKnownFileType = sourcecode.swift; path = Status.swift; sourceTree = "<group>"; };
		D5FBA1BE23F720E700237B0A /* Location.swift */ = {isa = PBXFileReference; lastKnownFileType = sourcecode.swift; path = Location.swift; sourceTree = "<group>"; };
		D5FBA1C023F721C000237B0A /* RoomRequest.swift */ = {isa = PBXFileReference; lastKnownFileType = sourcecode.swift; path = RoomRequest.swift; sourceTree = "<group>"; };
		D5FBA1C223F7220C00237B0A /* RequestType.swift */ = {isa = PBXFileReference; lastKnownFileType = sourcecode.swift; path = RequestType.swift; sourceTree = "<group>"; };
		D5FBA1C423F7224D00237B0A /* SwapRequest.swift */ = {isa = PBXFileReference; lastKnownFileType = sourcecode.swift; path = SwapRequest.swift; sourceTree = "<group>"; };
		D5FBA1C623F7252B00237B0A /* BaseController.swift */ = {isa = PBXFileReference; lastKnownFileType = sourcecode.swift; path = BaseController.swift; sourceTree = "<group>"; };
		D5FBA1C823F728FC00237B0A /* LocationPickerController.swift */ = {isa = PBXFileReference; lastKnownFileType = sourcecode.swift; path = LocationPickerController.swift; sourceTree = "<group>"; };
		D5FBA1CA23F7295C00237B0A /* RoomPickerController.swift */ = {isa = PBXFileReference; lastKnownFileType = sourcecode.swift; path = RoomPickerController.swift; sourceTree = "<group>"; };
		D5FBA1CC23F7298C00237B0A /* RequestController.swift */ = {isa = PBXFileReference; lastKnownFileType = sourcecode.swift; path = RequestController.swift; sourceTree = "<group>"; };
		D5FBA1CE23F7299A00237B0A /* SwapController.swift */ = {isa = PBXFileReference; lastKnownFileType = sourcecode.swift; path = SwapController.swift; sourceTree = "<group>"; };
		D5FC7D0923F349B600E5ECE8 /* iRevatureTrainingRoomRequests.app */ = {isa = PBXFileReference; explicitFileType = wrapper.application; includeInIndex = 0; path = iRevatureTrainingRoomRequests.app; sourceTree = BUILT_PRODUCTS_DIR; };
		D5FC7D0C23F349B600E5ECE8 /* AppDelegate.swift */ = {isa = PBXFileReference; lastKnownFileType = sourcecode.swift; path = AppDelegate.swift; sourceTree = "<group>"; };
		D5FC7D0E23F349B600E5ECE8 /* LoginController.swift */ = {isa = PBXFileReference; lastKnownFileType = sourcecode.swift; path = LoginController.swift; sourceTree = "<group>"; };
		D5FC7D1123F349B600E5ECE8 /* Base */ = {isa = PBXFileReference; lastKnownFileType = file.storyboard; name = Base; path = Base.lproj/Login.storyboard; sourceTree = "<group>"; };
		D5FC7D1423F349B600E5ECE8 /* iRevatureTrainingRoomRequests.xcdatamodel */ = {isa = PBXFileReference; lastKnownFileType = wrapper.xcdatamodel; path = iRevatureTrainingRoomRequests.xcdatamodel; sourceTree = "<group>"; };
		D5FC7D1623F349B700E5ECE8 /* Assets.xcassets */ = {isa = PBXFileReference; lastKnownFileType = folder.assetcatalog; path = Assets.xcassets; sourceTree = "<group>"; };
		D5FC7D1923F349B700E5ECE8 /* Base */ = {isa = PBXFileReference; lastKnownFileType = file.storyboard; name = Base; path = Base.lproj/LaunchScreen.storyboard; sourceTree = "<group>"; };
		D5FC7D1B23F349B700E5ECE8 /* Info.plist */ = {isa = PBXFileReference; lastKnownFileType = text.plist.xml; path = Info.plist; sourceTree = "<group>"; };
		D5FC7D2023F349B700E5ECE8 /* iRevatureTrainingRoomRequestsTests.xctest */ = {isa = PBXFileReference; explicitFileType = wrapper.cfbundle; includeInIndex = 0; path = iRevatureTrainingRoomRequestsTests.xctest; sourceTree = BUILT_PRODUCTS_DIR; };
		D5FC7D2423F349B700E5ECE8 /* iRevatureTrainingRoomRequestsTests.swift */ = {isa = PBXFileReference; lastKnownFileType = sourcecode.swift; path = iRevatureTrainingRoomRequestsTests.swift; sourceTree = "<group>"; };
		D5FC7D2623F349B700E5ECE8 /* Info.plist */ = {isa = PBXFileReference; lastKnownFileType = text.plist.xml; path = Info.plist; sourceTree = "<group>"; };
		D5FC7D2B23F349B700E5ECE8 /* iRevatureTrainingRoomRequestsUITests.xctest */ = {isa = PBXFileReference; explicitFileType = wrapper.cfbundle; includeInIndex = 0; path = iRevatureTrainingRoomRequestsUITests.xctest; sourceTree = BUILT_PRODUCTS_DIR; };
		D5FC7D2F23F349B700E5ECE8 /* iRevatureTrainingRoomRequestsUITests.swift */ = {isa = PBXFileReference; lastKnownFileType = sourcecode.swift; path = iRevatureTrainingRoomRequestsUITests.swift; sourceTree = "<group>"; };
		D5FC7D3123F349B700E5ECE8 /* Info.plist */ = {isa = PBXFileReference; lastKnownFileType = text.plist.xml; path = Info.plist; sourceTree = "<group>"; };
		E2CA5F6823FB229500EE9203 /* UserInfoProtocol.swift */ = {isa = PBXFileReference; lastKnownFileType = sourcecode.swift; path = UserInfoProtocol.swift; sourceTree = "<group>"; };
		E2CA5F6A23FB238700EE9203 /* UserInfoBusinessService.swift */ = {isa = PBXFileReference; lastKnownFileType = sourcecode.swift; path = UserInfoBusinessService.swift; sourceTree = "<group>"; };
/* End PBXFileReference section */

/* Begin PBXFrameworksBuildPhase section */
		D5FC7D0623F349B600E5ECE8 /* Frameworks */ = {
			isa = PBXFrameworksBuildPhase;
			buildActionMask = 2147483647;
			files = (
			);
			runOnlyForDeploymentPostprocessing = 0;
		};
		D5FC7D1D23F349B700E5ECE8 /* Frameworks */ = {
			isa = PBXFrameworksBuildPhase;
			buildActionMask = 2147483647;
			files = (
			);
			runOnlyForDeploymentPostprocessing = 0;
		};
		D5FC7D2823F349B700E5ECE8 /* Frameworks */ = {
			isa = PBXFrameworksBuildPhase;
			buildActionMask = 2147483647;
			files = (
			);
			runOnlyForDeploymentPostprocessing = 0;
		};
/* End PBXFrameworksBuildPhase section */

/* Begin PBXGroup section */
		D514CA9B23F44611009C8D6F /* Recources */ = {
			isa = PBXGroup;
			children = (
				D5FC7D1623F349B700E5ECE8 /* Assets.xcassets */,
			);
			path = Recources;
			sourceTree = "<group>";
		};
		D514CA9C23F44626009C8D6F /* Storyboards */ = {
			isa = PBXGroup;
			children = (
				D5FC7D1823F349B700E5ECE8 /* LaunchScreen.storyboard */,
				D5FC7D1023F349B600E5ECE8 /* Login.storyboard */,
				845D758423F4A6760099D8FF /* LoginToken.storyboard */,
				847F3D4423F72154001A4E84 /* LocationPicker.storyboard */,
				847F3D4623F727C5001A4E84 /* TrainerWorkFlow.storyboard */,
			);
			path = Storyboards;
			sourceTree = "<group>";
		};
		D514CA9D23F4462F009C8D6F /* Global-Common */ = {
			isa = PBXGroup;
			children = (
				D514CAA523F44709009C8D6F /* Constants */,
				D514CAA423F44702009C8D6F /* UI Elements */,
				D514CAA323F446FA009C8D6F /* Extensions */,
				D514CAA223F446F3009C8D6F /* Utilities */,
			);
			path = "Global-Common";
			sourceTree = "<group>";
		};
		D514CA9E23F4463D009C8D6F /* Services */ = {
			isa = PBXGroup;
			children = (
				D514CAA723F44721009C8D6F /* API */,
				D514CAA623F4471A009C8D6F /* Networking */,
			);
			path = Services;
			sourceTree = "<group>";
		};
		D514CA9F23F44662009C8D6F /* Persistence */ = {
			isa = PBXGroup;
			children = (
				D514CAAA23F44737009C8D6F /* Repository */,
				D514CAA923F44732009C8D6F /* Common */,
				D514CAA823F44729009C8D6F /* Data Access */,
			);
			path = Persistence;
			sourceTree = "<group>";
		};
		D514CAA023F44694009C8D6F /* Business */ = {
			isa = PBXGroup;
			children = (
				D514CAAE23F44764009C8D6F /* Common */,
				D514CAAD23F4475A009C8D6F /* Business Services */,
				D514CAAC23F44750009C8D6F /* Business Logic */,
				D514CAAB23F44747009C8D6F /* Entities */,
			);
			path = Business;
			sourceTree = "<group>";
		};
		D514CAA123F4469C009C8D6F /* Application */ = {
			isa = PBXGroup;
			children = (
				D514CAB223F448C3009C8D6F /* Modules */,
				D514CAB123F448B9009C8D6F /* Configuration */,
				D514CAB023F448B2009C8D6F /* Protocol */,
				D514CAAF23F448AA009C8D6F /* Delegate */,
			);
			path = Application;
			sourceTree = "<group>";
		};
		D514CAA223F446F3009C8D6F /* Utilities */ = {
			isa = PBXGroup;
			children = (
			);
			path = Utilities;
			sourceTree = "<group>";
		};
		D514CAA323F446FA009C8D6F /* Extensions */ = {
			isa = PBXGroup;
			children = (
			);
			path = Extensions;
			sourceTree = "<group>";
		};
		D514CAA423F44702009C8D6F /* UI Elements */ = {
			isa = PBXGroup;
			children = (
			);
			path = "UI Elements";
			sourceTree = "<group>";
		};
		D514CAA523F44709009C8D6F /* Constants */ = {
			isa = PBXGroup;
			children = (
			);
			path = Constants;
			sourceTree = "<group>";
		};
		D514CAA623F4471A009C8D6F /* Networking */ = {
			isa = PBXGroup;
			children = (
			);
			path = Networking;
			sourceTree = "<group>";
		};
		D514CAA723F44721009C8D6F /* API */ = {
			isa = PBXGroup;
			children = (
				847F3D7023FDA6F3001A4E84 /* RestAlamoFireManager.swift */,
			);
			path = API;
			sourceTree = "<group>";
		};
		D514CAA823F44729009C8D6F /* Data Access */ = {
			isa = PBXGroup;
			children = (
				D5FC7D1323F349B600E5ECE8 /* iRevatureTrainingRoomRequests.xcdatamodeld */,
			);
			path = "Data Access";
			sourceTree = "<group>";
		};
		D514CAA923F44732009C8D6F /* Common */ = {
			isa = PBXGroup;
			children = (
			);
			path = Common;
			sourceTree = "<group>";
		};
		D514CAAA23F44737009C8D6F /* Repository */ = {
			isa = PBXGroup;
			children = (
			);
			path = Repository;
			sourceTree = "<group>";
		};
		D514CAAB23F44747009C8D6F /* Entities */ = {
			isa = PBXGroup;
			children = (
				D5FBA1B823F71F8D00237B0A /* User.swift */,
				D5FBA1BA23F71FD300237B0A /* Room.swift */,
				D5FBA1BC23F7203A00237B0A /* Status.swift */,
				D5FBA1BE23F720E700237B0A /* Location.swift */,
				D5FBA1C023F721C000237B0A /* RoomRequest.swift */,
				D5FBA1C223F7220C00237B0A /* RequestType.swift */,
				D5FBA1C423F7224D00237B0A /* SwapRequest.swift */,
			);
			path = Entities;
			sourceTree = "<group>";
		};
		D514CAAC23F44750009C8D6F /* Business Logic */ = {
			isa = PBXGroup;
			children = (
			);
			path = "Business Logic";
			sourceTree = "<group>";
		};
		D514CAAD23F4475A009C8D6F /* Business Services */ = {
			isa = PBXGroup;
			children = (
				E2CA5F6A23FB238700EE9203 /* UserInfoBusinessService.swift */,
				847F3D7223FDD9D9001A4E84 /* RoomInfoBusinessService.swift */,
				847F3D7423FDDA38001A4E84 /* RequestsBusinessService.swift */,
				847F3D7623FDDBCE001A4E84 /* LocationBusinessService.swift */,
			);
			path = "Business Services";
			sourceTree = "<group>";
		};
		D514CAAE23F44764009C8D6F /* Common */ = {
			isa = PBXGroup;
			children = (
			);
			path = Common;
			sourceTree = "<group>";
		};
		D514CAAF23F448AA009C8D6F /* Delegate */ = {
			isa = PBXGroup;
			children = (
				D5FC7D0C23F349B600E5ECE8 /* AppDelegate.swift */,
			);
			path = Delegate;
			sourceTree = "<group>";
		};
		D514CAB023F448B2009C8D6F /* Protocol */ = {
			isa = PBXGroup;
			children = (
				E2CA5F6823FB229500EE9203 /* UserInfoProtocol.swift */,
				847F3D7823FDDC09001A4E84 /* RoomInfoProtocol.swift */,
				847F3D7A23FDDC58001A4E84 /* RequestInfosProtocol.swift */,
				847F3D7E23FDDDF9001A4E84 /* SwapRequestInfoProtocol.swift */,
				847F3D7C23FDDCE2001A4E84 /* LocationInfoProtocol.swift */,
			);
			path = Protocol;
			sourceTree = "<group>";
		};
		D514CAB123F448B9009C8D6F /* Configuration */ = {
			isa = PBXGroup;
			children = (
				D5FC7D1B23F349B700E5ECE8 /* Info.plist */,
			);
			path = Configuration;
			sourceTree = "<group>";
		};
		D514CAB223F448C3009C8D6F /* Modules */ = {
			isa = PBXGroup;
			children = (
				D514CAB423F448EF009C8D6F /* View Controllers */,
				D514CAB323F448E6009C8D6F /* Views */,
			);
			path = Modules;
			sourceTree = "<group>";
		};
		D514CAB323F448E6009C8D6F /* Views */ = {
			isa = PBXGroup;
			children = (
			);
			path = Views;
			sourceTree = "<group>";
		};
		D514CAB423F448EF009C8D6F /* View Controllers */ = {
			isa = PBXGroup;
			children = (
				D5FC7D0E23F349B600E5ECE8 /* LoginController.swift */,
				D5FBA1C623F7252B00237B0A /* BaseController.swift */,
				847F3D6E23FC8A22001A4E84 /* HomeController.swift */,
				D5FBA1C823F728FC00237B0A /* LocationPickerController.swift */,
				D5FBA1CA23F7295C00237B0A /* RoomPickerController.swift */,
				D5FBA1CC23F7298C00237B0A /* RequestController.swift */,
				D5FBA1CE23F7299A00237B0A /* SwapController.swift */,
			);
			path = "View Controllers";
			sourceTree = "<group>";
		};
		D5FC7D0023F349B600E5ECE8 = {
			isa = PBXGroup;
			children = (
				D5FC7D0B23F349B600E5ECE8 /* iRevatureTrainingRoomRequests */,
				D5FC7D2323F349B700E5ECE8 /* iRevatureTrainingRoomRequestsTests */,
				D5FC7D2E23F349B700E5ECE8 /* iRevatureTrainingRoomRequestsUITests */,
				D5FC7D0A23F349B600E5ECE8 /* Products */,
			);
			sourceTree = "<group>";
		};
		D5FC7D0A23F349B600E5ECE8 /* Products */ = {
			isa = PBXGroup;
			children = (
				D5FC7D0923F349B600E5ECE8 /* iRevatureTrainingRoomRequests.app */,
				D5FC7D2023F349B700E5ECE8 /* iRevatureTrainingRoomRequestsTests.xctest */,
				D5FC7D2B23F349B700E5ECE8 /* iRevatureTrainingRoomRequestsUITests.xctest */,
			);
			name = Products;
			sourceTree = "<group>";
		};
		D5FC7D0B23F349B600E5ECE8 /* iRevatureTrainingRoomRequests */ = {
			isa = PBXGroup;
			children = (
				D5FC7D3D23F34A4C00E5ECE8 /* Account */,
				D514CA9B23F44611009C8D6F /* Recources */,
				D514CA9C23F44626009C8D6F /* Storyboards */,
				D514CA9D23F4462F009C8D6F /* Global-Common */,
				D514CA9E23F4463D009C8D6F /* Services */,
				D514CA9F23F44662009C8D6F /* Persistence */,
				D514CAA023F44694009C8D6F /* Business */,
				D514CAA123F4469C009C8D6F /* Application */,
			);
			path = iRevatureTrainingRoomRequests;
			sourceTree = "<group>";
		};
		D5FC7D2323F349B700E5ECE8 /* iRevatureTrainingRoomRequestsTests */ = {
			isa = PBXGroup;
			children = (
				D5FC7D2423F349B700E5ECE8 /* iRevatureTrainingRoomRequestsTests.swift */,
				D5FC7D2623F349B700E5ECE8 /* Info.plist */,
			);
			path = iRevatureTrainingRoomRequestsTests;
			sourceTree = "<group>";
		};
		D5FC7D2E23F349B700E5ECE8 /* iRevatureTrainingRoomRequestsUITests */ = {
			isa = PBXGroup;
			children = (
				D5FC7D2F23F349B700E5ECE8 /* iRevatureTrainingRoomRequestsUITests.swift */,
				D5FC7D3123F349B700E5ECE8 /* Info.plist */,
			);
			path = iRevatureTrainingRoomRequestsUITests;
			sourceTree = "<group>";
		};
		D5FC7D3D23F34A4C00E5ECE8 /* Account */ = {
			isa = PBXGroup;
			children = (
			);
			path = Account;
			sourceTree = "<group>";
		};
/* End PBXGroup section */

/* Begin PBXNativeTarget section */
		D5FC7D0823F349B600E5ECE8 /* iRevatureTrainingRoomRequests */ = {
			isa = PBXNativeTarget;
			buildConfigurationList = D5FC7D3423F349B700E5ECE8 /* Build configuration list for PBXNativeTarget "iRevatureTrainingRoomRequests" */;
			buildPhases = (
				D5FC7D0523F349B600E5ECE8 /* Sources */,
				D5FC7D0623F349B600E5ECE8 /* Frameworks */,
				D5FC7D0723F349B600E5ECE8 /* Resources */,
			);
			buildRules = (
			);
			dependencies = (
			);
			name = iRevatureTrainingRoomRequests;
			productName = iRevatureTrainingRoomRequests;
			productReference = D5FC7D0923F349B600E5ECE8 /* iRevatureTrainingRoomRequests.app */;
			productType = "com.apple.product-type.application";
		};
		D5FC7D1F23F349B700E5ECE8 /* iRevatureTrainingRoomRequestsTests */ = {
			isa = PBXNativeTarget;
			buildConfigurationList = D5FC7D3723F349B700E5ECE8 /* Build configuration list for PBXNativeTarget "iRevatureTrainingRoomRequestsTests" */;
			buildPhases = (
				D5FC7D1C23F349B700E5ECE8 /* Sources */,
				D5FC7D1D23F349B700E5ECE8 /* Frameworks */,
				D5FC7D1E23F349B700E5ECE8 /* Resources */,
			);
			buildRules = (
			);
			dependencies = (
				D5FC7D2223F349B700E5ECE8 /* PBXTargetDependency */,
			);
			name = iRevatureTrainingRoomRequestsTests;
			productName = iRevatureTrainingRoomRequestsTests;
			productReference = D5FC7D2023F349B700E5ECE8 /* iRevatureTrainingRoomRequestsTests.xctest */;
			productType = "com.apple.product-type.bundle.unit-test";
		};
		D5FC7D2A23F349B700E5ECE8 /* iRevatureTrainingRoomRequestsUITests */ = {
			isa = PBXNativeTarget;
			buildConfigurationList = D5FC7D3A23F349B700E5ECE8 /* Build configuration list for PBXNativeTarget "iRevatureTrainingRoomRequestsUITests" */;
			buildPhases = (
				D5FC7D2723F349B700E5ECE8 /* Sources */,
				D5FC7D2823F349B700E5ECE8 /* Frameworks */,
				D5FC7D2923F349B700E5ECE8 /* Resources */,
			);
			buildRules = (
			);
			dependencies = (
				D5FC7D2D23F349B700E5ECE8 /* PBXTargetDependency */,
			);
			name = iRevatureTrainingRoomRequestsUITests;
			productName = iRevatureTrainingRoomRequestsUITests;
			productReference = D5FC7D2B23F349B700E5ECE8 /* iRevatureTrainingRoomRequestsUITests.xctest */;
			productType = "com.apple.product-type.bundle.ui-testing";
		};
/* End PBXNativeTarget section */

/* Begin PBXProject section */
		D5FC7D0123F349B600E5ECE8 /* Project object */ = {
			isa = PBXProject;
			attributes = {
				LastSwiftUpdateCheck = 0920;
				LastUpgradeCheck = 0920;
				ORGANIZATIONNAME = revature;
				TargetAttributes = {
					D5FC7D0823F349B600E5ECE8 = {
						CreatedOnToolsVersion = 9.2;
						ProvisioningStyle = Automatic;
					};
					D5FC7D1F23F349B700E5ECE8 = {
						CreatedOnToolsVersion = 9.2;
						ProvisioningStyle = Automatic;
						TestTargetID = D5FC7D0823F349B600E5ECE8;
					};
					D5FC7D2A23F349B700E5ECE8 = {
						CreatedOnToolsVersion = 9.2;
						ProvisioningStyle = Automatic;
						TestTargetID = D5FC7D0823F349B600E5ECE8;
					};
				};
			};
			buildConfigurationList = D5FC7D0423F349B600E5ECE8 /* Build configuration list for PBXProject "iRevatureTrainingRoomRequests" */;
			compatibilityVersion = "Xcode 8.0";
			developmentRegion = en;
			hasScannedForEncodings = 0;
			knownRegions = (
				en,
				Base,
			);
			mainGroup = D5FC7D0023F349B600E5ECE8;
			productRefGroup = D5FC7D0A23F349B600E5ECE8 /* Products */;
			projectDirPath = "";
			projectRoot = "";
			targets = (
				D5FC7D0823F349B600E5ECE8 /* iRevatureTrainingRoomRequests */,
				D5FC7D1F23F349B700E5ECE8 /* iRevatureTrainingRoomRequestsTests */,
				D5FC7D2A23F349B700E5ECE8 /* iRevatureTrainingRoomRequestsUITests */,
			);
		};
/* End PBXProject section */

/* Begin PBXResourcesBuildPhase section */
		D5FC7D0723F349B600E5ECE8 /* Resources */ = {
			isa = PBXResourcesBuildPhase;
			buildActionMask = 2147483647;
			files = (
				D5FC7D1A23F349B700E5ECE8 /* LaunchScreen.storyboard in Resources */,
				D5FC7D1723F349B700E5ECE8 /* Assets.xcassets in Resources */,
				847F3D4523F72154001A4E84 /* LocationPicker.storyboard in Resources */,
				845D758523F4A6760099D8FF /* LoginToken.storyboard in Resources */,
				D5FC7D1223F349B600E5ECE8 /* Login.storyboard in Resources */,
				847F3D4723F727C5001A4E84 /* TrainerWorkFlow.storyboard in Resources */,
			);
			runOnlyForDeploymentPostprocessing = 0;
		};
		D5FC7D1E23F349B700E5ECE8 /* Resources */ = {
			isa = PBXResourcesBuildPhase;
			buildActionMask = 2147483647;
			files = (
			);
			runOnlyForDeploymentPostprocessing = 0;
		};
		D5FC7D2923F349B700E5ECE8 /* Resources */ = {
			isa = PBXResourcesBuildPhase;
			buildActionMask = 2147483647;
			files = (
			);
			runOnlyForDeploymentPostprocessing = 0;
		};
/* End PBXResourcesBuildPhase section */

/* Begin PBXSourcesBuildPhase section */
		D5FC7D0523F349B600E5ECE8 /* Sources */ = {
			isa = PBXSourcesBuildPhase;
			buildActionMask = 2147483647;
			files = (
				847F3D7D23FDDCE2001A4E84 /* LocationInfoProtocol.swift in Sources */,
				845D758323F49CC30099D8FF /* Info.plist in Sources */,
				D5FC7D1523F349B600E5ECE8 /* iRevatureTrainingRoomRequests.xcdatamodeld in Sources */,
				847F3D7F23FDDDF9001A4E84 /* SwapRequestInfoProtocol.swift in Sources */,
				D5FBA1C523F7224D00237B0A /* SwapRequest.swift in Sources */,
				D5FBA1BF23F720E700237B0A /* Location.swift in Sources */,
				847F3D7923FDDC09001A4E84 /* RoomInfoProtocol.swift in Sources */,
				E2CA5F6B23FB238700EE9203 /* UserInfoBusinessService.swift in Sources */,
				D5FBA1C123F721C000237B0A /* RoomRequest.swift in Sources */,
				D5FBA1BD23F7203A00237B0A /* Status.swift in Sources */,
				D5FBA1CF23F7299A00237B0A /* SwapController.swift in Sources */,
				D5FBA1CD23F7298C00237B0A /* RequestController.swift in Sources */,
				847F3D7B23FDDC58001A4E84 /* RequestInfosProtocol.swift in Sources */,
				D5FBA1CB23F7295C00237B0A /* RoomPickerController.swift in Sources */,
				D5FBA1BB23F71FD300237B0A /* Room.swift in Sources */,
				847F3D7523FDDA38001A4E84 /* RequestsBusinessService.swift in Sources */,
				E2CA5F6923FB229500EE9203 /* UserInfoProtocol.swift in Sources */,
				D5FC7D0F23F349B600E5ECE8 /* LoginController.swift in Sources */,
				D5FBA1B923F71F8D00237B0A /* User.swift in Sources */,
				D5FC7D0D23F349B600E5ECE8 /* AppDelegate.swift in Sources */,
				D5FBA1C723F7252B00237B0A /* BaseController.swift in Sources */,
				847F3D7723FDDBCE001A4E84 /* LocationBusinessService.swift in Sources */,
				847F3D7123FDA6F3001A4E84 /* RestAlamoFireManager.swift in Sources */,
				D5FBA1C923F728FC00237B0A /* LocationPickerController.swift in Sources */,
				847F3D6F23FC8A22001A4E84 /* HomeController.swift in Sources */,
				D5FBA1C323F7220C00237B0A /* RequestType.swift in Sources */,
				847F3D7323FDD9D9001A4E84 /* RoomInfoBusinessService.swift in Sources */,
			);
			runOnlyForDeploymentPostprocessing = 0;
		};
		D5FC7D1C23F349B700E5ECE8 /* Sources */ = {
			isa = PBXSourcesBuildPhase;
			buildActionMask = 2147483647;
			files = (
				D5FC7D2523F349B700E5ECE8 /* iRevatureTrainingRoomRequestsTests.swift in Sources */,
			);
			runOnlyForDeploymentPostprocessing = 0;
		};
		D5FC7D2723F349B700E5ECE8 /* Sources */ = {
			isa = PBXSourcesBuildPhase;
			buildActionMask = 2147483647;
			files = (
				D5FC7D3023F349B700E5ECE8 /* iRevatureTrainingRoomRequestsUITests.swift in Sources */,
			);
			runOnlyForDeploymentPostprocessing = 0;
		};
/* End PBXSourcesBuildPhase section */

/* Begin PBXTargetDependency section */
		D5FC7D2223F349B700E5ECE8 /* PBXTargetDependency */ = {
			isa = PBXTargetDependency;
			target = D5FC7D0823F349B600E5ECE8 /* iRevatureTrainingRoomRequests */;
			targetProxy = D5FC7D2123F349B700E5ECE8 /* PBXContainerItemProxy */;
		};
		D5FC7D2D23F349B700E5ECE8 /* PBXTargetDependency */ = {
			isa = PBXTargetDependency;
			target = D5FC7D0823F349B600E5ECE8 /* iRevatureTrainingRoomRequests */;
			targetProxy = D5FC7D2C23F349B700E5ECE8 /* PBXContainerItemProxy */;
		};
/* End PBXTargetDependency section */

/* Begin PBXVariantGroup section */
		D5FC7D1023F349B600E5ECE8 /* Login.storyboard */ = {
			isa = PBXVariantGroup;
			children = (
				D5FC7D1123F349B600E5ECE8 /* Base */,
			);
			name = Login.storyboard;
			sourceTree = "<group>";
		};
		D5FC7D1823F349B700E5ECE8 /* LaunchScreen.storyboard */ = {
			isa = PBXVariantGroup;
			children = (
				D5FC7D1923F349B700E5ECE8 /* Base */,
			);
			name = LaunchScreen.storyboard;
			sourceTree = "<group>";
		};
/* End PBXVariantGroup section */

/* Begin XCBuildConfiguration section */
		D5FC7D3223F349B700E5ECE8 /* Debug */ = {
			isa = XCBuildConfiguration;
			buildSettings = {
				ALWAYS_SEARCH_USER_PATHS = NO;
				CLANG_ANALYZER_NONNULL = YES;
				CLANG_ANALYZER_NUMBER_OBJECT_CONVERSION = YES_AGGRESSIVE;
				CLANG_CXX_LANGUAGE_STANDARD = "gnu++14";
				CLANG_CXX_LIBRARY = "libc++";
				CLANG_ENABLE_MODULES = YES;
				CLANG_ENABLE_OBJC_ARC = YES;
				CLANG_WARN_BLOCK_CAPTURE_AUTORELEASING = YES;
				CLANG_WARN_BOOL_CONVERSION = YES;
				CLANG_WARN_COMMA = YES;
				CLANG_WARN_CONSTANT_CONVERSION = YES;
				CLANG_WARN_DIRECT_OBJC_ISA_USAGE = YES_ERROR;
				CLANG_WARN_DOCUMENTATION_COMMENTS = YES;
				CLANG_WARN_EMPTY_BODY = YES;
				CLANG_WARN_ENUM_CONVERSION = YES;
				CLANG_WARN_INFINITE_RECURSION = YES;
				CLANG_WARN_INT_CONVERSION = YES;
				CLANG_WARN_NON_LITERAL_NULL_CONVERSION = YES;
				CLANG_WARN_OBJC_LITERAL_CONVERSION = YES;
				CLANG_WARN_OBJC_ROOT_CLASS = YES_ERROR;
				CLANG_WARN_RANGE_LOOP_ANALYSIS = YES;
				CLANG_WARN_STRICT_PROTOTYPES = YES;
				CLANG_WARN_SUSPICIOUS_MOVE = YES;
				CLANG_WARN_UNGUARDED_AVAILABILITY = YES_AGGRESSIVE;
				CLANG_WARN_UNREACHABLE_CODE = YES;
				CLANG_WARN__DUPLICATE_METHOD_MATCH = YES;
				CODE_SIGN_IDENTITY = "iPhone Developer";
				COPY_PHASE_STRIP = NO;
				DEBUG_INFORMATION_FORMAT = dwarf;
				ENABLE_STRICT_OBJC_MSGSEND = YES;
				ENABLE_TESTABILITY = YES;
				GCC_C_LANGUAGE_STANDARD = gnu11;
				GCC_DYNAMIC_NO_PIC = NO;
				GCC_NO_COMMON_BLOCKS = YES;
				GCC_OPTIMIZATION_LEVEL = 0;
				GCC_PREPROCESSOR_DEFINITIONS = (
					"DEBUG=1",
					"$(inherited)",
				);
				GCC_WARN_64_TO_32_BIT_CONVERSION = YES;
				GCC_WARN_ABOUT_RETURN_TYPE = YES_ERROR;
				GCC_WARN_UNDECLARED_SELECTOR = YES;
				GCC_WARN_UNINITIALIZED_AUTOS = YES_AGGRESSIVE;
				GCC_WARN_UNUSED_FUNCTION = YES;
				GCC_WARN_UNUSED_VARIABLE = YES;
				IPHONEOS_DEPLOYMENT_TARGET = 11.2;
				MTL_ENABLE_DEBUG_INFO = YES;
				ONLY_ACTIVE_ARCH = YES;
				SDKROOT = iphoneos;
				SWIFT_ACTIVE_COMPILATION_CONDITIONS = DEBUG;
				SWIFT_OPTIMIZATION_LEVEL = "-Onone";
			};
			name = Debug;
		};
		D5FC7D3323F349B700E5ECE8 /* Release */ = {
			isa = XCBuildConfiguration;
			buildSettings = {
				ALWAYS_SEARCH_USER_PATHS = NO;
				CLANG_ANALYZER_NONNULL = YES;
				CLANG_ANALYZER_NUMBER_OBJECT_CONVERSION = YES_AGGRESSIVE;
				CLANG_CXX_LANGUAGE_STANDARD = "gnu++14";
				CLANG_CXX_LIBRARY = "libc++";
				CLANG_ENABLE_MODULES = YES;
				CLANG_ENABLE_OBJC_ARC = YES;
				CLANG_WARN_BLOCK_CAPTURE_AUTORELEASING = YES;
				CLANG_WARN_BOOL_CONVERSION = YES;
				CLANG_WARN_COMMA = YES;
				CLANG_WARN_CONSTANT_CONVERSION = YES;
				CLANG_WARN_DIRECT_OBJC_ISA_USAGE = YES_ERROR;
				CLANG_WARN_DOCUMENTATION_COMMENTS = YES;
				CLANG_WARN_EMPTY_BODY = YES;
				CLANG_WARN_ENUM_CONVERSION = YES;
				CLANG_WARN_INFINITE_RECURSION = YES;
				CLANG_WARN_INT_CONVERSION = YES;
				CLANG_WARN_NON_LITERAL_NULL_CONVERSION = YES;
				CLANG_WARN_OBJC_LITERAL_CONVERSION = YES;
				CLANG_WARN_OBJC_ROOT_CLASS = YES_ERROR;
				CLANG_WARN_RANGE_LOOP_ANALYSIS = YES;
				CLANG_WARN_STRICT_PROTOTYPES = YES;
				CLANG_WARN_SUSPICIOUS_MOVE = YES;
				CLANG_WARN_UNGUARDED_AVAILABILITY = YES_AGGRESSIVE;
				CLANG_WARN_UNREACHABLE_CODE = YES;
				CLANG_WARN__DUPLICATE_METHOD_MATCH = YES;
				CODE_SIGN_IDENTITY = "iPhone Developer";
				COPY_PHASE_STRIP = NO;
				DEBUG_INFORMATION_FORMAT = "dwarf-with-dsym";
				ENABLE_NS_ASSERTIONS = NO;
				ENABLE_STRICT_OBJC_MSGSEND = YES;
				GCC_C_LANGUAGE_STANDARD = gnu11;
				GCC_NO_COMMON_BLOCKS = YES;
				GCC_WARN_64_TO_32_BIT_CONVERSION = YES;
				GCC_WARN_ABOUT_RETURN_TYPE = YES_ERROR;
				GCC_WARN_UNDECLARED_SELECTOR = YES;
				GCC_WARN_UNINITIALIZED_AUTOS = YES_AGGRESSIVE;
				GCC_WARN_UNUSED_FUNCTION = YES;
				GCC_WARN_UNUSED_VARIABLE = YES;
				IPHONEOS_DEPLOYMENT_TARGET = 11.2;
				MTL_ENABLE_DEBUG_INFO = NO;
				SDKROOT = iphoneos;
				SWIFT_OPTIMIZATION_LEVEL = "-Owholemodule";
				VALIDATE_PRODUCT = YES;
			};
			name = Release;
		};
		D5FC7D3523F349B700E5ECE8 /* Debug */ = {
			isa = XCBuildConfiguration;
			buildSettings = {
				ASSETCATALOG_COMPILER_APPICON_NAME = AppIcon;
				CODE_SIGN_STYLE = Automatic;
				DEVELOPMENT_TEAM = KX3Q6P29G3;
				INFOPLIST_FILE = iRevatureTrainingRoomRequests/Application/Configuration/Info.plist;
				LD_RUNPATH_SEARCH_PATHS = "$(inherited) @executable_path/Frameworks";
				PRODUCT_BUNDLE_IDENTIFIER = com.revature.iRevatureTrainingRoomRequests;
				PRODUCT_NAME = "$(TARGET_NAME)";
				SWIFT_VERSION = 4.0;
				TARGETED_DEVICE_FAMILY = "1,2";
			};
			name = Debug;
		};
		D5FC7D3623F349B700E5ECE8 /* Release */ = {
			isa = XCBuildConfiguration;
			buildSettings = {
				ASSETCATALOG_COMPILER_APPICON_NAME = AppIcon;
				CODE_SIGN_STYLE = Automatic;
				DEVELOPMENT_TEAM = KX3Q6P29G3;
				INFOPLIST_FILE = iRevatureTrainingRoomRequests/Application/Configuration/Info.plist;
				LD_RUNPATH_SEARCH_PATHS = "$(inherited) @executable_path/Frameworks";
				PRODUCT_BUNDLE_IDENTIFIER = com.revature.iRevatureTrainingRoomRequests;
				PRODUCT_NAME = "$(TARGET_NAME)";
				SWIFT_VERSION = 4.0;
				TARGETED_DEVICE_FAMILY = "1,2";
			};
			name = Release;
		};
		D5FC7D3823F349B700E5ECE8 /* Debug */ = {
			isa = XCBuildConfiguration;
			buildSettings = {
				ALWAYS_EMBED_SWIFT_STANDARD_LIBRARIES = YES;
				BUNDLE_LOADER = "$(TEST_HOST)";
				CODE_SIGN_STYLE = Automatic;
				DEVELOPMENT_TEAM = KX3Q6P29G3;
				INFOPLIST_FILE = iRevatureTrainingRoomRequestsTests/Info.plist;
				LD_RUNPATH_SEARCH_PATHS = "$(inherited) @executable_path/Frameworks @loader_path/Frameworks";
				PRODUCT_BUNDLE_IDENTIFIER = com.revature.iRevatureTrainingRoomRequestsTests;
				PRODUCT_NAME = "$(TARGET_NAME)";
				SWIFT_VERSION = 4.0;
				TARGETED_DEVICE_FAMILY = "1,2";
				TEST_HOST = "$(BUILT_PRODUCTS_DIR)/iRevatureTrainingRoomRequests.app/iRevatureTrainingRoomRequests";
			};
			name = Debug;
		};
		D5FC7D3923F349B700E5ECE8 /* Release */ = {
			isa = XCBuildConfiguration;
			buildSettings = {
				ALWAYS_EMBED_SWIFT_STANDARD_LIBRARIES = YES;
				BUNDLE_LOADER = "$(TEST_HOST)";
				CODE_SIGN_STYLE = Automatic;
				DEVELOPMENT_TEAM = KX3Q6P29G3;
				INFOPLIST_FILE = iRevatureTrainingRoomRequestsTests/Info.plist;
				LD_RUNPATH_SEARCH_PATHS = "$(inherited) @executable_path/Frameworks @loader_path/Frameworks";
				PRODUCT_BUNDLE_IDENTIFIER = com.revature.iRevatureTrainingRoomRequestsTests;
				PRODUCT_NAME = "$(TARGET_NAME)";
				SWIFT_VERSION = 4.0;
				TARGETED_DEVICE_FAMILY = "1,2";
				TEST_HOST = "$(BUILT_PRODUCTS_DIR)/iRevatureTrainingRoomRequests.app/iRevatureTrainingRoomRequests";
			};
			name = Release;
		};
		D5FC7D3B23F349B700E5ECE8 /* Debug */ = {
			isa = XCBuildConfiguration;
			buildSettings = {
				ALWAYS_EMBED_SWIFT_STANDARD_LIBRARIES = YES;
				CODE_SIGN_STYLE = Automatic;
				DEVELOPMENT_TEAM = KX3Q6P29G3;
				INFOPLIST_FILE = iRevatureTrainingRoomRequestsUITests/Info.plist;
				LD_RUNPATH_SEARCH_PATHS = "$(inherited) @executable_path/Frameworks @loader_path/Frameworks";
				PRODUCT_BUNDLE_IDENTIFIER = com.revature.iRevatureTrainingRoomRequestsUITests;
				PRODUCT_NAME = "$(TARGET_NAME)";
				SWIFT_VERSION = 4.0;
				TARGETED_DEVICE_FAMILY = "1,2";
				TEST_TARGET_NAME = iRevatureTrainingRoomRequests;
			};
			name = Debug;
		};
		D5FC7D3C23F349B700E5ECE8 /* Release */ = {
			isa = XCBuildConfiguration;
			buildSettings = {
				ALWAYS_EMBED_SWIFT_STANDARD_LIBRARIES = YES;
				CODE_SIGN_STYLE = Automatic;
				DEVELOPMENT_TEAM = KX3Q6P29G3;
				INFOPLIST_FILE = iRevatureTrainingRoomRequestsUITests/Info.plist;
				LD_RUNPATH_SEARCH_PATHS = "$(inherited) @executable_path/Frameworks @loader_path/Frameworks";
				PRODUCT_BUNDLE_IDENTIFIER = com.revature.iRevatureTrainingRoomRequestsUITests;
				PRODUCT_NAME = "$(TARGET_NAME)";
				SWIFT_VERSION = 4.0;
				TARGETED_DEVICE_FAMILY = "1,2";
				TEST_TARGET_NAME = iRevatureTrainingRoomRequests;
			};
			name = Release;
		};
/* End XCBuildConfiguration section */

/* Begin XCConfigurationList section */
		D5FC7D0423F349B600E5ECE8 /* Build configuration list for PBXProject "iRevatureTrainingRoomRequests" */ = {
			isa = XCConfigurationList;
			buildConfigurations = (
				D5FC7D3223F349B700E5ECE8 /* Debug */,
				D5FC7D3323F349B700E5ECE8 /* Release */,
			);
			defaultConfigurationIsVisible = 0;
			defaultConfigurationName = Release;
		};
		D5FC7D3423F349B700E5ECE8 /* Build configuration list for PBXNativeTarget "iRevatureTrainingRoomRequests" */ = {
			isa = XCConfigurationList;
			buildConfigurations = (
				D5FC7D3523F349B700E5ECE8 /* Debug */,
				D5FC7D3623F349B700E5ECE8 /* Release */,
			);
			defaultConfigurationIsVisible = 0;
			defaultConfigurationName = Release;
		};
		D5FC7D3723F349B700E5ECE8 /* Build configuration list for PBXNativeTarget "iRevatureTrainingRoomRequestsTests" */ = {
			isa = XCConfigurationList;
			buildConfigurations = (
				D5FC7D3823F349B700E5ECE8 /* Debug */,
				D5FC7D3923F349B700E5ECE8 /* Release */,
			);
			defaultConfigurationIsVisible = 0;
			defaultConfigurationName = Release;
		};
		D5FC7D3A23F349B700E5ECE8 /* Build configuration list for PBXNativeTarget "iRevatureTrainingRoomRequestsUITests" */ = {
			isa = XCConfigurationList;
			buildConfigurations = (
				D5FC7D3B23F349B700E5ECE8 /* Debug */,
				D5FC7D3C23F349B700E5ECE8 /* Release */,
			);
			defaultConfigurationIsVisible = 0;
			defaultConfigurationName = Release;
		};
/* End XCConfigurationList section */

/* Begin XCVersionGroup section */
		D5FC7D1323F349B600E5ECE8 /* iRevatureTrainingRoomRequests.xcdatamodeld */ = {
			isa = XCVersionGroup;
			children = (
				D5FC7D1423F349B600E5ECE8 /* iRevatureTrainingRoomRequests.xcdatamodel */,
			);
			currentVersion = D5FC7D1423F349B600E5ECE8 /* iRevatureTrainingRoomRequests.xcdatamodel */;
			path = iRevatureTrainingRoomRequests.xcdatamodeld;
			sourceTree = "<group>";
			versionGroupType = wrapper.xcdatamodel;
		};
/* End XCVersionGroup section */
	};
	rootObject = D5FC7D0123F349B600E5ECE8 /* Project object */;
}
