// !$*UTF8*$!
{
	archiveVersion = 1;
	classes = {
	};
	objectVersion = 48;
	objects = {

/* Begin PBXBuildFile section */
		D5FC7CB023F335C300E5ECE8 /* AppDelegate.swift in Sources */ = {isa = PBXBuildFile; fileRef = D5FC7CAF23F335C300E5ECE8 /* AppDelegate.swift */; };
		D5FC7CB223F335C300E5ECE8 /* ViewController.swift in Sources */ = {isa = PBXBuildFile; fileRef = D5FC7CB123F335C300E5ECE8 /* ViewController.swift */; };
		D5FC7CB523F335C300E5ECE8 /* Main.storyboard in Resources */ = {isa = PBXBuildFile; fileRef = D5FC7CB323F335C300E5ECE8 /* Main.storyboard */; };
		D5FC7CB823F335C400E5ECE8 /* iRevatureRoomRequests.xcdatamodeld in Sources */ = {isa = PBXBuildFile; fileRef = D5FC7CB623F335C400E5ECE8 /* iRevatureRoomRequests.xcdatamodeld */; };
		D5FC7CBA23F335C400E5ECE8 /* Assets.xcassets in Resources */ = {isa = PBXBuildFile; fileRef = D5FC7CB923F335C400E5ECE8 /* Assets.xcassets */; };
		D5FC7CBD23F335C400E5ECE8 /* LaunchScreen.storyboard in Resources */ = {isa = PBXBuildFile; fileRef = D5FC7CBB23F335C400E5ECE8 /* LaunchScreen.storyboard */; };
		D5FC7CC823F335C400E5ECE8 /* iRevatureRoomRequestsTests.swift in Sources */ = {isa = PBXBuildFile; fileRef = D5FC7CC723F335C400E5ECE8 /* iRevatureRoomRequestsTests.swift */; };
		D5FC7CD323F335C400E5ECE8 /* iRevatureRoomRequestsUITests.swift in Sources */ = {isa = PBXBuildFile; fileRef = D5FC7CD223F335C400E5ECE8 /* iRevatureRoomRequestsUITests.swift */; };
/* End PBXBuildFile section */

/* Begin PBXContainerItemProxy section */
		D5FC7CC423F335C400E5ECE8 /* PBXContainerItemProxy */ = {
			isa = PBXContainerItemProxy;
			containerPortal = D5FC7CA423F335C300E5ECE8 /* Project object */;
			proxyType = 1;
			remoteGlobalIDString = D5FC7CAB23F335C300E5ECE8;
			remoteInfo = iRevatureRoomRequests;
		};
		D5FC7CCF23F335C400E5ECE8 /* PBXContainerItemProxy */ = {
			isa = PBXContainerItemProxy;
			containerPortal = D5FC7CA423F335C300E5ECE8 /* Project object */;
			proxyType = 1;
			remoteGlobalIDString = D5FC7CAB23F335C300E5ECE8;
			remoteInfo = iRevatureRoomRequests;
		};
/* End PBXContainerItemProxy section */

/* Begin PBXFileReference section */
		D5FC7CAC23F335C300E5ECE8 /* iRevatureRoomRequests.app */ = {isa = PBXFileReference; explicitFileType = wrapper.application; includeInIndex = 0; path = iRevatureRoomRequests.app; sourceTree = BUILT_PRODUCTS_DIR; };
		D5FC7CAF23F335C300E5ECE8 /* AppDelegate.swift */ = {isa = PBXFileReference; lastKnownFileType = sourcecode.swift; path = AppDelegate.swift; sourceTree = "<group>"; };
		D5FC7CB123F335C300E5ECE8 /* ViewController.swift */ = {isa = PBXFileReference; lastKnownFileType = sourcecode.swift; path = ViewController.swift; sourceTree = "<group>"; };
		D5FC7CB423F335C300E5ECE8 /* Base */ = {isa = PBXFileReference; lastKnownFileType = file.storyboard; name = Base; path = Base.lproj/Main.storyboard; sourceTree = "<group>"; };
		D5FC7CB723F335C400E5ECE8 /* iRevatureRoomRequests.xcdatamodel */ = {isa = PBXFileReference; lastKnownFileType = wrapper.xcdatamodel; path = iRevatureRoomRequests.xcdatamodel; sourceTree = "<group>"; };
		D5FC7CB923F335C400E5ECE8 /* Assets.xcassets */ = {isa = PBXFileReference; lastKnownFileType = folder.assetcatalog; path = Assets.xcassets; sourceTree = "<group>"; };
		D5FC7CBC23F335C400E5ECE8 /* Base */ = {isa = PBXFileReference; lastKnownFileType = file.storyboard; name = Base; path = Base.lproj/LaunchScreen.storyboard; sourceTree = "<group>"; };
		D5FC7CBE23F335C400E5ECE8 /* Info.plist */ = {isa = PBXFileReference; lastKnownFileType = text.plist.xml; path = Info.plist; sourceTree = "<group>"; };
		D5FC7CC323F335C400E5ECE8 /* iRevatureRoomRequestsTests.xctest */ = {isa = PBXFileReference; explicitFileType = wrapper.cfbundle; includeInIndex = 0; path = iRevatureRoomRequestsTests.xctest; sourceTree = BUILT_PRODUCTS_DIR; };
		D5FC7CC723F335C400E5ECE8 /* iRevatureRoomRequestsTests.swift */ = {isa = PBXFileReference; lastKnownFileType = sourcecode.swift; path = iRevatureRoomRequestsTests.swift; sourceTree = "<group>"; };
		D5FC7CC923F335C400E5ECE8 /* Info.plist */ = {isa = PBXFileReference; lastKnownFileType = text.plist.xml; path = Info.plist; sourceTree = "<group>"; };
		D5FC7CCE23F335C400E5ECE8 /* iRevatureRoomRequestsUITests.xctest */ = {isa = PBXFileReference; explicitFileType = wrapper.cfbundle; includeInIndex = 0; path = iRevatureRoomRequestsUITests.xctest; sourceTree = BUILT_PRODUCTS_DIR; };
		D5FC7CD223F335C400E5ECE8 /* iRevatureRoomRequestsUITests.swift */ = {isa = PBXFileReference; lastKnownFileType = sourcecode.swift; path = iRevatureRoomRequestsUITests.swift; sourceTree = "<group>"; };
		D5FC7CD423F335C400E5ECE8 /* Info.plist */ = {isa = PBXFileReference; lastKnownFileType = text.plist.xml; path = Info.plist; sourceTree = "<group>"; };
/* End PBXFileReference section */

/* Begin PBXFrameworksBuildPhase section */
		D5FC7CA923F335C300E5ECE8 /* Frameworks */ = {
			isa = PBXFrameworksBuildPhase;
			buildActionMask = 2147483647;
			files = (
			);
			runOnlyForDeploymentPostprocessing = 0;
		};
		D5FC7CC023F335C400E5ECE8 /* Frameworks */ = {
			isa = PBXFrameworksBuildPhase;
			buildActionMask = 2147483647;
			files = (
			);
			runOnlyForDeploymentPostprocessing = 0;
		};
		D5FC7CCB23F335C400E5ECE8 /* Frameworks */ = {
			isa = PBXFrameworksBuildPhase;
			buildActionMask = 2147483647;
			files = (
			);
			runOnlyForDeploymentPostprocessing = 0;
		};
/* End PBXFrameworksBuildPhase section */

/* Begin PBXGroup section */
		D5FC7CA323F335C300E5ECE8 = {
			isa = PBXGroup;
			children = (
				D5FC7CAE23F335C300E5ECE8 /* iRevatureRoomRequests */,
				D5FC7CC623F335C400E5ECE8 /* iRevatureRoomRequestsTests */,
				D5FC7CD123F335C400E5ECE8 /* iRevatureRoomRequestsUITests */,
				D5FC7CAD23F335C300E5ECE8 /* Products */,
			);
			sourceTree = "<group>";
		};
		D5FC7CAD23F335C300E5ECE8 /* Products */ = {
			isa = PBXGroup;
			children = (
				D5FC7CAC23F335C300E5ECE8 /* iRevatureRoomRequests.app */,
				D5FC7CC323F335C400E5ECE8 /* iRevatureRoomRequestsTests.xctest */,
				D5FC7CCE23F335C400E5ECE8 /* iRevatureRoomRequestsUITests.xctest */,
			);
			name = Products;
			sourceTree = "<group>";
		};
		D5FC7CAE23F335C300E5ECE8 /* iRevatureRoomRequests */ = {
			isa = PBXGroup;
			children = (
				D5FC7CAF23F335C300E5ECE8 /* AppDelegate.swift */,
				D5FC7CB123F335C300E5ECE8 /* ViewController.swift */,
				D5FC7CB323F335C300E5ECE8 /* Main.storyboard */,
				D5FC7CB923F335C400E5ECE8 /* Assets.xcassets */,
				D5FC7CBB23F335C400E5ECE8 /* LaunchScreen.storyboard */,
				D5FC7CBE23F335C400E5ECE8 /* Info.plist */,
				D5FC7CB623F335C400E5ECE8 /* iRevatureRoomRequests.xcdatamodeld */,
			);
			path = iRevatureRoomRequests;
			sourceTree = "<group>";
		};
		D5FC7CC623F335C400E5ECE8 /* iRevatureRoomRequestsTests */ = {
			isa = PBXGroup;
			children = (
				D5FC7CC723F335C400E5ECE8 /* iRevatureRoomRequestsTests.swift */,
				D5FC7CC923F335C400E5ECE8 /* Info.plist */,
			);
			path = iRevatureRoomRequestsTests;
			sourceTree = "<group>";
		};
		D5FC7CD123F335C400E5ECE8 /* iRevatureRoomRequestsUITests */ = {
			isa = PBXGroup;
			children = (
				D5FC7CD223F335C400E5ECE8 /* iRevatureRoomRequestsUITests.swift */,
				D5FC7CD423F335C400E5ECE8 /* Info.plist */,
			);
			path = iRevatureRoomRequestsUITests;
			sourceTree = "<group>";
		};
/* End PBXGroup section */

/* Begin PBXNativeTarget section */
		D5FC7CAB23F335C300E5ECE8 /* iRevatureRoomRequests */ = {
			isa = PBXNativeTarget;
			buildConfigurationList = D5FC7CD723F335C400E5ECE8 /* Build configuration list for PBXNativeTarget "iRevatureRoomRequests" */;
			buildPhases = (
				D5FC7CA823F335C300E5ECE8 /* Sources */,
				D5FC7CA923F335C300E5ECE8 /* Frameworks */,
				D5FC7CAA23F335C300E5ECE8 /* Resources */,
			);
			buildRules = (
			);
			dependencies = (
			);
			name = iRevatureRoomRequests;
			productName = iRevatureRoomRequests;
			productReference = D5FC7CAC23F335C300E5ECE8 /* iRevatureRoomRequests.app */;
			productType = "com.apple.product-type.application";
		};
		D5FC7CC223F335C400E5ECE8 /* iRevatureRoomRequestsTests */ = {
			isa = PBXNativeTarget;
			buildConfigurationList = D5FC7CDA23F335C400E5ECE8 /* Build configuration list for PBXNativeTarget "iRevatureRoomRequestsTests" */;
			buildPhases = (
				D5FC7CBF23F335C400E5ECE8 /* Sources */,
				D5FC7CC023F335C400E5ECE8 /* Frameworks */,
				D5FC7CC123F335C400E5ECE8 /* Resources */,
			);
			buildRules = (
			);
			dependencies = (
				D5FC7CC523F335C400E5ECE8 /* PBXTargetDependency */,
			);
			name = iRevatureRoomRequestsTests;
			productName = iRevatureRoomRequestsTests;
			productReference = D5FC7CC323F335C400E5ECE8 /* iRevatureRoomRequestsTests.xctest */;
			productType = "com.apple.product-type.bundle.unit-test";
		};
		D5FC7CCD23F335C400E5ECE8 /* iRevatureRoomRequestsUITests */ = {
			isa = PBXNativeTarget;
			buildConfigurationList = D5FC7CDD23F335C400E5ECE8 /* Build configuration list for PBXNativeTarget "iRevatureRoomRequestsUITests" */;
			buildPhases = (
				D5FC7CCA23F335C400E5ECE8 /* Sources */,
				D5FC7CCB23F335C400E5ECE8 /* Frameworks */,
				D5FC7CCC23F335C400E5ECE8 /* Resources */,
			);
			buildRules = (
			);
			dependencies = (
				D5FC7CD023F335C400E5ECE8 /* PBXTargetDependency */,
			);
			name = iRevatureRoomRequestsUITests;
			productName = iRevatureRoomRequestsUITests;
			productReference = D5FC7CCE23F335C400E5ECE8 /* iRevatureRoomRequestsUITests.xctest */;
			productType = "com.apple.product-type.bundle.ui-testing";
		};
/* End PBXNativeTarget section */

/* Begin PBXProject section */
		D5FC7CA423F335C300E5ECE8 /* Project object */ = {
			isa = PBXProject;
			attributes = {
				LastSwiftUpdateCheck = 0920;
				LastUpgradeCheck = 0920;
				ORGANIZATIONNAME = revature;
				TargetAttributes = {
					D5FC7CAB23F335C300E5ECE8 = {
						CreatedOnToolsVersion = 9.2;
						ProvisioningStyle = Automatic;
					};
					D5FC7CC223F335C400E5ECE8 = {
						CreatedOnToolsVersion = 9.2;
						ProvisioningStyle = Automatic;
						TestTargetID = D5FC7CAB23F335C300E5ECE8;
					};
					D5FC7CCD23F335C400E5ECE8 = {
						CreatedOnToolsVersion = 9.2;
						ProvisioningStyle = Automatic;
						TestTargetID = D5FC7CAB23F335C300E5ECE8;
					};
				};
			};
			buildConfigurationList = D5FC7CA723F335C300E5ECE8 /* Build configuration list for PBXProject "iRevatureRoomRequests" */;
			compatibilityVersion = "Xcode 8.0";
			developmentRegion = en;
			hasScannedForEncodings = 0;
			knownRegions = (
				en,
				Base,
			);
			mainGroup = D5FC7CA323F335C300E5ECE8;
			productRefGroup = D5FC7CAD23F335C300E5ECE8 /* Products */;
			projectDirPath = "";
			projectRoot = "";
			targets = (
				D5FC7CAB23F335C300E5ECE8 /* iRevatureRoomRequests */,
				D5FC7CC223F335C400E5ECE8 /* iRevatureRoomRequestsTests */,
				D5FC7CCD23F335C400E5ECE8 /* iRevatureRoomRequestsUITests */,
			);
		};
/* End PBXProject section */

/* Begin PBXResourcesBuildPhase section */
		D5FC7CAA23F335C300E5ECE8 /* Resources */ = {
			isa = PBXResourcesBuildPhase;
			buildActionMask = 2147483647;
			files = (
				D5FC7CBD23F335C400E5ECE8 /* LaunchScreen.storyboard in Resources */,
				D5FC7CBA23F335C400E5ECE8 /* Assets.xcassets in Resources */,
				D5FC7CB523F335C300E5ECE8 /* Main.storyboard in Resources */,
			);
			runOnlyForDeploymentPostprocessing = 0;
		};
		D5FC7CC123F335C400E5ECE8 /* Resources */ = {
			isa = PBXResourcesBuildPhase;
			buildActionMask = 2147483647;
			files = (
			);
			runOnlyForDeploymentPostprocessing = 0;
		};
		D5FC7CCC23F335C400E5ECE8 /* Resources */ = {
			isa = PBXResourcesBuildPhase;
			buildActionMask = 2147483647;
			files = (
			);
			runOnlyForDeploymentPostprocessing = 0;
		};
/* End PBXResourcesBuildPhase section */

/* Begin PBXSourcesBuildPhase section */
		D5FC7CA823F335C300E5ECE8 /* Sources */ = {
			isa = PBXSourcesBuildPhase;
			buildActionMask = 2147483647;
			files = (
				D5FC7CB223F335C300E5ECE8 /* ViewController.swift in Sources */,
				D5FC7CB823F335C400E5ECE8 /* iRevatureRoomRequests.xcdatamodeld in Sources */,
				D5FC7CB023F335C300E5ECE8 /* AppDelegate.swift in Sources */,
			);
			runOnlyForDeploymentPostprocessing = 0;
		};
		D5FC7CBF23F335C400E5ECE8 /* Sources */ = {
			isa = PBXSourcesBuildPhase;
			buildActionMask = 2147483647;
			files = (
				D5FC7CC823F335C400E5ECE8 /* iRevatureRoomRequestsTests.swift in Sources */,
			);
			runOnlyForDeploymentPostprocessing = 0;
		};
		D5FC7CCA23F335C400E5ECE8 /* Sources */ = {
			isa = PBXSourcesBuildPhase;
			buildActionMask = 2147483647;
			files = (
				D5FC7CD323F335C400E5ECE8 /* iRevatureRoomRequestsUITests.swift in Sources */,
			);
			runOnlyForDeploymentPostprocessing = 0;
		};
/* End PBXSourcesBuildPhase section */

/* Begin PBXTargetDependency section */
		D5FC7CC523F335C400E5ECE8 /* PBXTargetDependency */ = {
			isa = PBXTargetDependency;
			target = D5FC7CAB23F335C300E5ECE8 /* iRevatureRoomRequests */;
			targetProxy = D5FC7CC423F335C400E5ECE8 /* PBXContainerItemProxy */;
		};
		D5FC7CD023F335C400E5ECE8 /* PBXTargetDependency */ = {
			isa = PBXTargetDependency;
			target = D5FC7CAB23F335C300E5ECE8 /* iRevatureRoomRequests */;
			targetProxy = D5FC7CCF23F335C400E5ECE8 /* PBXContainerItemProxy */;
		};
/* End PBXTargetDependency section */

/* Begin PBXVariantGroup section */
		D5FC7CB323F335C300E5ECE8 /* Main.storyboard */ = {
			isa = PBXVariantGroup;
			children = (
				D5FC7CB423F335C300E5ECE8 /* Base */,
			);
			name = Main.storyboard;
			sourceTree = "<group>";
		};
		D5FC7CBB23F335C400E5ECE8 /* LaunchScreen.storyboard */ = {
			isa = PBXVariantGroup;
			children = (
				D5FC7CBC23F335C400E5ECE8 /* Base */,
			);
			name = LaunchScreen.storyboard;
			sourceTree = "<group>";
		};
/* End PBXVariantGroup section */

/* Begin XCBuildConfiguration section */
		D5FC7CD523F335C400E5ECE8 /* Debug */ = {
			isa = XCBuildConfiguration;
			buildSettings = {
				ALWAYS_SEARCH_USER_PATHS = NO;
				CLANG_ANALYZER_NONNULL = YES;
				CLANG_ANALYZER_NUMBER_OBJECT_CONVERSION = YES_AGGRESSIVE;
				CLANG_CXX_LANGUAGE_STANDARD = "gnu++14";
				CLANG_CXX_LIBRARY = "libc++";
				CLANG_ENABLE_MODULES = YES;
				CLANG_ENABLE_OBJC_ARC = YES;
				CLANG_WARN_BLOCK_CAPTURE_AUTORELEASING = YES;
				CLANG_WARN_BOOL_CONVERSION = YES;
				CLANG_WARN_COMMA = YES;
				CLANG_WARN_CONSTANT_CONVERSION = YES;
				CLANG_WARN_DIRECT_OBJC_ISA_USAGE = YES_ERROR;
				CLANG_WARN_DOCUMENTATION_COMMENTS = YES;
				CLANG_WARN_EMPTY_BODY = YES;
				CLANG_WARN_ENUM_CONVERSION = YES;
				CLANG_WARN_INFINITE_RECURSION = YES;
				CLANG_WARN_INT_CONVERSION = YES;
				CLANG_WARN_NON_LITERAL_NULL_CONVERSION = YES;
				CLANG_WARN_OBJC_LITERAL_CONVERSION = YES;
				CLANG_WARN_OBJC_ROOT_CLASS = YES_ERROR;
				CLANG_WARN_RANGE_LOOP_ANALYSIS = YES;
				CLANG_WARN_STRICT_PROTOTYPES = YES;
				CLANG_WARN_SUSPICIOUS_MOVE = YES;
				CLANG_WARN_UNGUARDED_AVAILABILITY = YES_AGGRESSIVE;
				CLANG_WARN_UNREACHABLE_CODE = YES;
				CLANG_WARN__DUPLICATE_METHOD_MATCH = YES;
				CODE_SIGN_IDENTITY = "iPhone Developer";
				COPY_PHASE_STRIP = NO;
				DEBUG_INFORMATION_FORMAT = dwarf;
				ENABLE_STRICT_OBJC_MSGSEND = YES;
				ENABLE_TESTABILITY = YES;
				GCC_C_LANGUAGE_STANDARD = gnu11;
				GCC_DYNAMIC_NO_PIC = NO;
				GCC_NO_COMMON_BLOCKS = YES;
				GCC_OPTIMIZATION_LEVEL = 0;
				GCC_PREPROCESSOR_DEFINITIONS = (
					"DEBUG=1",
					"$(inherited)",
				);
				GCC_WARN_64_TO_32_BIT_CONVERSION = YES;
				GCC_WARN_ABOUT_RETURN_TYPE = YES_ERROR;
				GCC_WARN_UNDECLARED_SELECTOR = YES;
				GCC_WARN_UNINITIALIZED_AUTOS = YES_AGGRESSIVE;
				GCC_WARN_UNUSED_FUNCTION = YES;
				GCC_WARN_UNUSED_VARIABLE = YES;
				IPHONEOS_DEPLOYMENT_TARGET = 11.2;
				MTL_ENABLE_DEBUG_INFO = YES;
				ONLY_ACTIVE_ARCH = YES;
				SDKROOT = iphoneos;
				SWIFT_ACTIVE_COMPILATION_CONDITIONS = DEBUG;
				SWIFT_OPTIMIZATION_LEVEL = "-Onone";
			};
			name = Debug;
		};
		D5FC7CD623F335C400E5ECE8 /* Release */ = {
			isa = XCBuildConfiguration;
			buildSettings = {
				ALWAYS_SEARCH_USER_PATHS = NO;
				CLANG_ANALYZER_NONNULL = YES;
				CLANG_ANALYZER_NUMBER_OBJECT_CONVERSION = YES_AGGRESSIVE;
				CLANG_CXX_LANGUAGE_STANDARD = "gnu++14";
				CLANG_CXX_LIBRARY = "libc++";
				CLANG_ENABLE_MODULES = YES;
				CLANG_ENABLE_OBJC_ARC = YES;
				CLANG_WARN_BLOCK_CAPTURE_AUTORELEASING = YES;
				CLANG_WARN_BOOL_CONVERSION = YES;
				CLANG_WARN_COMMA = YES;
				CLANG_WARN_CONSTANT_CONVERSION = YES;
				CLANG_WARN_DIRECT_OBJC_ISA_USAGE = YES_ERROR;
				CLANG_WARN_DOCUMENTATION_COMMENTS = YES;
				CLANG_WARN_EMPTY_BODY = YES;
				CLANG_WARN_ENUM_CONVERSION = YES;
				CLANG_WARN_INFINITE_RECURSION = YES;
				CLANG_WARN_INT_CONVERSION = YES;
				CLANG_WARN_NON_LITERAL_NULL_CONVERSION = YES;
				CLANG_WARN_OBJC_LITERAL_CONVERSION = YES;
				CLANG_WARN_OBJC_ROOT_CLASS = YES_ERROR;
				CLANG_WARN_RANGE_LOOP_ANALYSIS = YES;
				CLANG_WARN_STRICT_PROTOTYPES = YES;
				CLANG_WARN_SUSPICIOUS_MOVE = YES;
				CLANG_WARN_UNGUARDED_AVAILABILITY = YES_AGGRESSIVE;
				CLANG_WARN_UNREACHABLE_CODE = YES;
				CLANG_WARN__DUPLICATE_METHOD_MATCH = YES;
				CODE_SIGN_IDENTITY = "iPhone Developer";
				COPY_PHASE_STRIP = NO;
				DEBUG_INFORMATION_FORMAT = "dwarf-with-dsym";
				ENABLE_NS_ASSERTIONS = NO;
				ENABLE_STRICT_OBJC_MSGSEND = YES;
				GCC_C_LANGUAGE_STANDARD = gnu11;
				GCC_NO_COMMON_BLOCKS = YES;
				GCC_WARN_64_TO_32_BIT_CONVERSION = YES;
				GCC_WARN_ABOUT_RETURN_TYPE = YES_ERROR;
				GCC_WARN_UNDECLARED_SELECTOR = YES;
				GCC_WARN_UNINITIALIZED_AUTOS = YES_AGGRESSIVE;
				GCC_WARN_UNUSED_FUNCTION = YES;
				GCC_WARN_UNUSED_VARIABLE = YES;
				IPHONEOS_DEPLOYMENT_TARGET = 11.2;
				MTL_ENABLE_DEBUG_INFO = NO;
				SDKROOT = iphoneos;
				SWIFT_OPTIMIZATION_LEVEL = "-Owholemodule";
				VALIDATE_PRODUCT = YES;
			};
			name = Release;
		};
		D5FC7CD823F335C400E5ECE8 /* Debug */ = {
			isa = XCBuildConfiguration;
			buildSettings = {
				ASSETCATALOG_COMPILER_APPICON_NAME = AppIcon;
				CODE_SIGN_STYLE = Automatic;
				DEVELOPMENT_TEAM = KX3Q6P29G3;
				INFOPLIST_FILE = iRevatureRoomRequests/Info.plist;
				LD_RUNPATH_SEARCH_PATHS = "$(inherited) @executable_path/Frameworks";
				PRODUCT_BUNDLE_IDENTIFIER = com.revature.iRevatureRoomRequests;
				PRODUCT_NAME = "$(TARGET_NAME)";
				SWIFT_VERSION = 4.0;
				TARGETED_DEVICE_FAMILY = "1,2";
			};
			name = Debug;
		};
		D5FC7CD923F335C400E5ECE8 /* Release */ = {
			isa = XCBuildConfiguration;
			buildSettings = {
				ASSETCATALOG_COMPILER_APPICON_NAME = AppIcon;
				CODE_SIGN_STYLE = Automatic;
				DEVELOPMENT_TEAM = KX3Q6P29G3;
				INFOPLIST_FILE = iRevatureRoomRequests/Info.plist;
				LD_RUNPATH_SEARCH_PATHS = "$(inherited) @executable_path/Frameworks";
				PRODUCT_BUNDLE_IDENTIFIER = com.revature.iRevatureRoomRequests;
				PRODUCT_NAME = "$(TARGET_NAME)";
				SWIFT_VERSION = 4.0;
				TARGETED_DEVICE_FAMILY = "1,2";
			};
			name = Release;
		};
		D5FC7CDB23F335C400E5ECE8 /* Debug */ = {
			isa = XCBuildConfiguration;
			buildSettings = {
				ALWAYS_EMBED_SWIFT_STANDARD_LIBRARIES = YES;
				BUNDLE_LOADER = "$(TEST_HOST)";
				CODE_SIGN_STYLE = Automatic;
				DEVELOPMENT_TEAM = KX3Q6P29G3;
				INFOPLIST_FILE = iRevatureRoomRequestsTests/Info.plist;
				LD_RUNPATH_SEARCH_PATHS = "$(inherited) @executable_path/Frameworks @loader_path/Frameworks";
				PRODUCT_BUNDLE_IDENTIFIER = com.revature.iRevatureRoomRequestsTests;
				PRODUCT_NAME = "$(TARGET_NAME)";
				SWIFT_VERSION = 4.0;
				TARGETED_DEVICE_FAMILY = "1,2";
				TEST_HOST = "$(BUILT_PRODUCTS_DIR)/iRevatureRoomRequests.app/iRevatureRoomRequests";
			};
			name = Debug;
		};
		D5FC7CDC23F335C400E5ECE8 /* Release */ = {
			isa = XCBuildConfiguration;
			buildSettings = {
				ALWAYS_EMBED_SWIFT_STANDARD_LIBRARIES = YES;
				BUNDLE_LOADER = "$(TEST_HOST)";
				CODE_SIGN_STYLE = Automatic;
				DEVELOPMENT_TEAM = KX3Q6P29G3;
				INFOPLIST_FILE = iRevatureRoomRequestsTests/Info.plist;
				LD_RUNPATH_SEARCH_PATHS = "$(inherited) @executable_path/Frameworks @loader_path/Frameworks";
				PRODUCT_BUNDLE_IDENTIFIER = com.revature.iRevatureRoomRequestsTests;
				PRODUCT_NAME = "$(TARGET_NAME)";
				SWIFT_VERSION = 4.0;
				TARGETED_DEVICE_FAMILY = "1,2";
				TEST_HOST = "$(BUILT_PRODUCTS_DIR)/iRevatureRoomRequests.app/iRevatureRoomRequests";
			};
			name = Release;
		};
		D5FC7CDE23F335C400E5ECE8 /* Debug */ = {
			isa = XCBuildConfiguration;
			buildSettings = {
				ALWAYS_EMBED_SWIFT_STANDARD_LIBRARIES = YES;
				CODE_SIGN_STYLE = Automatic;
				DEVELOPMENT_TEAM = KX3Q6P29G3;
				INFOPLIST_FILE = iRevatureRoomRequestsUITests/Info.plist;
				LD_RUNPATH_SEARCH_PATHS = "$(inherited) @executable_path/Frameworks @loader_path/Frameworks";
				PRODUCT_BUNDLE_IDENTIFIER = com.revature.iRevatureRoomRequestsUITests;
				PRODUCT_NAME = "$(TARGET_NAME)";
				SWIFT_VERSION = 4.0;
				TARGETED_DEVICE_FAMILY = "1,2";
				TEST_TARGET_NAME = iRevatureRoomRequests;
			};
			name = Debug;
		};
		D5FC7CDF23F335C400E5ECE8 /* Release */ = {
			isa = XCBuildConfiguration;
			buildSettings = {
				ALWAYS_EMBED_SWIFT_STANDARD_LIBRARIES = YES;
				CODE_SIGN_STYLE = Automatic;
				DEVELOPMENT_TEAM = KX3Q6P29G3;
				INFOPLIST_FILE = iRevatureRoomRequestsUITests/Info.plist;
				LD_RUNPATH_SEARCH_PATHS = "$(inherited) @executable_path/Frameworks @loader_path/Frameworks";
				PRODUCT_BUNDLE_IDENTIFIER = com.revature.iRevatureRoomRequestsUITests;
				PRODUCT_NAME = "$(TARGET_NAME)";
				SWIFT_VERSION = 4.0;
				TARGETED_DEVICE_FAMILY = "1,2";
				TEST_TARGET_NAME = iRevatureRoomRequests;
			};
			name = Release;
		};
/* End XCBuildConfiguration section */

/* Begin XCConfigurationList section */
		D5FC7CA723F335C300E5ECE8 /* Build configuration list for PBXProject "iRevatureRoomRequests" */ = {
			isa = XCConfigurationList;
			buildConfigurations = (
				D5FC7CD523F335C400E5ECE8 /* Debug */,
				D5FC7CD623F335C400E5ECE8 /* Release */,
			);
			defaultConfigurationIsVisible = 0;
			defaultConfigurationName = Release;
		};
		D5FC7CD723F335C400E5ECE8 /* Build configuration list for PBXNativeTarget "iRevatureRoomRequests" */ = {
			isa = XCConfigurationList;
			buildConfigurations = (
				D5FC7CD823F335C400E5ECE8 /* Debug */,
				D5FC7CD923F335C400E5ECE8 /* Release */,
			);
			defaultConfigurationIsVisible = 0;
			defaultConfigurationName = Release;
		};
		D5FC7CDA23F335C400E5ECE8 /* Build configuration list for PBXNativeTarget "iRevatureRoomRequestsTests" */ = {
			isa = XCConfigurationList;
			buildConfigurations = (
				D5FC7CDB23F335C400E5ECE8 /* Debug */,
				D5FC7CDC23F335C400E5ECE8 /* Release */,
			);
			defaultConfigurationIsVisible = 0;
			defaultConfigurationName = Release;
		};
		D5FC7CDD23F335C400E5ECE8 /* Build configuration list for PBXNativeTarget "iRevatureRoomRequestsUITests" */ = {
			isa = XCConfigurationList;
			buildConfigurations = (
				D5FC7CDE23F335C400E5ECE8 /* Debug */,
				D5FC7CDF23F335C400E5ECE8 /* Release */,
			);
			defaultConfigurationIsVisible = 0;
			defaultConfigurationName = Release;
		};
/* End XCConfigurationList section */

/* Begin XCVersionGroup section */
		D5FC7CB623F335C400E5ECE8 /* iRevatureRoomRequests.xcdatamodeld */ = {
			isa = XCVersionGroup;
			children = (
				D5FC7CB723F335C400E5ECE8 /* iRevatureRoomRequests.xcdatamodel */,
			);
			currentVersion = D5FC7CB723F335C400E5ECE8 /* iRevatureRoomRequests.xcdatamodel */;
			path = iRevatureRoomRequests.xcdatamodeld;
			sourceTree = "<group>";
			versionGroupType = wrapper.xcdatamodel;
		};
/* End XCVersionGroup section */
	};
	rootObject = D5FC7CA423F335C300E5ECE8 /* Project object */;
}
